
Microsoft Visual Studio Solution File, Format Version 12.00
# Visual Studio Version 17
VisualStudioVersion = 17.0.31606.5
MinimumVisualStudioVersion = 10.0.40219.1
Project("{FAE04EC0-301F-11D3-BF4B-00C04F79EFBC}") = "HelloCS", "HelloCS\HelloCS.csproj", "{132ECE69-BC71-47EA-A223-D0192D7F0DD3}"
EndProject
Project("{FAE04EC0-301F-11D3-BF4B-00C04F79EFBC}") = "TopLevelProgram", "TopLevelProgram\TopLevelProgram.csproj", "{77DDA11C-B5DE-40DD-8219-F5C2237E392E}"
EndProject
Global
	GlobalSection(SolutionConfigurationPlatforms) = preSolution
		Debug|Any CPU = Debug|Any CPU
		Release|Any CPU = Release|Any CPU
	EndGlobalSection
	GlobalSection(ProjectConfigurationPlatforms) = postSolution
		{132ECE69-BC71-47EA-A223-D0192D7F0DD3}.Debug|Any CPU.ActiveCfg = Debug|Any CPU
		{132ECE69-BC71-47EA-A223-D0192D7F0DD3}.Debug|Any CPU.Build.0 = Debug|Any CPU
		{132ECE69-BC71-47EA-A223-D0192D7F0DD3}.Release|Any CPU.ActiveCfg = Release|Any CPU
		{132ECE69-BC71-47EA-A223-D0192D7F0DD3}.Release|Any CPU.Build.0 = Release|Any CPU
		{77DDA11C-B5DE-40DD-8219-F5C2237E392E}.Debug|Any CPU.ActiveCfg = Debug|Any CPU
		{77DDA11C-B5DE-40DD-8219-F5C2237E392E}.Debug|Any CPU.Build.0 = Debug|Any CPU
		{77DDA11C-B5DE-40DD-8219-F5C2237E392E}.Release|Any CPU.ActiveCfg = Release|Any CPU
		{77DDA11C-B5DE-40DD-8219-F5C2237E392E}.Release|Any CPU.Build.0 = Release|Any CPU
	EndGlobalSection
	GlobalSection(SolutionProperties) = preSolution
		HideSolutionNode = FALSE
	EndGlobalSection
	GlobalSection(ExtensibilityGlobals) = postSolution
		SolutionGuid = {3D519305-1549-4CCA-9EE4-E886187DC204}
	EndGlobalSection
EndGlobal
