
Microsoft Visual Studio Solution File, Format Version 12.00
# Visual Studio Version 16
VisualStudioVersion = 16.0.31025.218
MinimumVisualStudioVersion = 10.0.40219.1
Project("{9A19103F-16F7-4668-BE54-9A1E7A4F7556}") = "WritingFunctions", "WritingFunctions\WritingFunctions.csproj", "{3B6E766E-F8E5-440E-91A5-ED05EBC25BEB}"
EndProject
Project("{9A19103F-16F7-4668-BE54-9A1E7A4F7556}") = "Debugging", "Debugging\Debugging.csproj", "{187B1E63-AACB-4918-B1AD-B4592BF50CF5}"
EndProject
Project("{9A19103F-16F7-4668-BE54-9A1E7A4F7556}") = "Instrumenting", "Instrumenting\Instrumenting.csproj", "{1A9004FF-9931-41D0-9D92-2EB72B48C024}"
EndProject
Project("{9A19103F-16F7-4668-BE54-9A1E7A4F7556}") = "CalculatorLib", "CalculatorLib\CalculatorLib.csproj", "{98D5E5C4-8CA9-4ABB-BC97-B7DB2401240F}"
EndProject
Project("{9A19103F-16F7-4668-BE54-9A1E7A4F7556}") = "CalculatorLibUnitTests", "CalculatorLibUnitTests\CalculatorLibUnitTests.csproj", "{EDD2D1FE-4F69-41B3-BD86-57764DBE388A}"
EndProject
Global
	GlobalSection(SolutionConfigurationPlatforms) = preSolution
		Debug|Any CPU = Debug|Any CPU
		Release|Any CPU = Release|Any CPU
	EndGlobalSection
	GlobalSection(ProjectConfigurationPlatforms) = postSolution
		{3B6E766E-F8E5-440E-91A5-ED05EBC25BEB}.Debug|Any CPU.ActiveCfg = Debug|Any CPU
		{3B6E766E-F8E5-440E-91A5-ED05EBC25BEB}.Debug|Any CPU.Build.0 = Debug|Any CPU
		{3B6E766E-F8E5-440E-91A5-ED05EBC25BEB}.Release|Any CPU.ActiveCfg = Release|Any CPU
		{3B6E766E-F8E5-440E-91A5-ED05EBC25BEB}.Release|Any CPU.Build.0 = Release|Any CPU
		{187B1E63-AACB-4918-B1AD-B4592BF50CF5}.Debug|Any CPU.ActiveCfg = Debug|Any CPU
		{187B1E63-AACB-4918-B1AD-B4592BF50CF5}.Debug|Any CPU.Build.0 = Debug|Any CPU
		{187B1E63-AACB-4918-B1AD-B4592BF50CF5}.Release|Any CPU.ActiveCfg = Release|Any CPU
		{187B1E63-AACB-4918-B1AD-B4592BF50CF5}.Release|Any CPU.Build.0 = Release|Any CPU
		{1A9004FF-9931-41D0-9D92-2EB72B48C024}.Debug|Any CPU.ActiveCfg = Debug|Any CPU
		{1A9004FF-9931-41D0-9D92-2EB72B48C024}.Debug|Any CPU.Build.0 = Debug|Any CPU
		{1A9004FF-9931-41D0-9D92-2EB72B48C024}.Release|Any CPU.ActiveCfg = Release|Any CPU
		{1A9004FF-9931-41D0-9D92-2EB72B48C024}.Release|Any CPU.Build.0 = Release|Any CPU
		{98D5E5C4-8CA9-4ABB-BC97-B7DB2401240F}.Debug|Any CPU.ActiveCfg = Debug|Any CPU
		{98D5E5C4-8CA9-4ABB-BC97-B7DB2401240F}.Debug|Any CPU.Build.0 = Debug|Any CPU
		{98D5E5C4-8CA9-4ABB-BC97-B7DB2401240F}.Release|Any CPU.ActiveCfg = Release|Any CPU
		{98D5E5C4-8CA9-4ABB-BC97-B7DB2401240F}.Release|Any CPU.Build.0 = Release|Any CPU
		{EDD2D1FE-4F69-41B3-BD86-57764DBE388A}.Debug|Any CPU.ActiveCfg = Debug|Any CPU
		{EDD2D1FE-4F69-41B3-BD86-57764DBE388A}.Debug|Any CPU.Build.0 = Debug|Any CPU
		{EDD2D1FE-4F69-41B3-BD86-57764DBE388A}.Release|Any CPU.ActiveCfg = Release|Any CPU
		{EDD2D1FE-4F69-41B3-BD86-57764DBE388A}.Release|Any CPU.Build.0 = Release|Any CPU
	EndGlobalSection
	GlobalSection(SolutionProperties) = preSolution
		HideSolutionNode = FALSE
	EndGlobalSection
	GlobalSection(ExtensibilityGlobals) = postSolution
		SolutionGuid = {A46CF879-4885-4256-B2C2-0ED6CF45122C}
	EndGlobalSection
EndGlobal
