
Microsoft Visual Studio Solution File, Format Version 12.00
# Visual Studio Version 17
VisualStudioVersion = 17.4.33027.239
MinimumVisualStudioVersion = 10.0.40219.1
Project("{9A19103F-16F7-4668-BE54-9A1E7A4F7556}") = "WritingFunctions", "WritingFunctions\WritingFunctions.csproj", "{3B6E766E-F8E5-440E-91A5-ED05EBC25BEB}"
EndProject
Project("{9A19103F-16F7-4668-BE54-9A1E7A4F7556}") = "Debugging", "Debugging\Debugging.csproj", "{187B1E63-AACB-4918-B1AD-B4592BF50CF5}"
EndProject
Project("{9A19103F-16F7-4668-BE54-9A1E7A4F7556}") = "Instrumenting", "Instrumenting\Instrumenting.csproj", "{1A9004FF-9931-41D0-9D92-2EB72B48C024}"
EndProject
Project("{9A19103F-16F7-4668-BE54-9A1E7A4F7556}") = "CalculatorLib", "CalculatorLib\CalculatorLib.csproj", "{98D5E5C4-8CA9-4ABB-BC97-B7DB2401240F}"
EndProject
Project("{9A19103F-16F7-4668-BE54-9A1E7A4F7556}") = "CalculatorLibUnitTests", "CalculatorLibUnitTests\CalculatorLibUnitTests.csproj", "{EDD2D1FE-4F69-41B3-BD86-57764DBE388A}"
EndProject
Project("{9A19103F-16F7-4668-BE54-9A1E7A4F7556}") = "CallStackExceptionHandling", "CallStackExceptionHandling\CallStackExceptionHandling.csproj", "{D96C5428-3342-4C6B-B8F0-4C549081404F}"
EndProject
Project("{9A19103F-16F7-4668-BE54-9A1E7A4F7556}") = "CallStackExceptionHandlingLib", "CallStackExceptionHandlingLib\CallStackExceptionHandlingLib.csproj", "{985D9323-21B5-45DF-9279-805929C2C7C2}"
EndProject
Project("{9A19103F-16F7-4668-BE54-9A1E7A4F7556}") = "PrimeFactorsApp", "PrimeFactorsApp\PrimeFactorsApp.csproj", "{0A9BE60E-0395-4266-ACC5-3D2911B66AD2}"
EndProject
Project("{9A19103F-16F7-4668-BE54-9A1E7A4F7556}") = "PrimeFactorsLib", "PrimeFactorsLib\PrimeFactorsLib.csproj", "{84B9FE56-62C6-4A1C-933C-6679273C3AEA}"
EndProject
Project("{9A19103F-16F7-4668-BE54-9A1E7A4F7556}") = "PrimeFactorsTests", "PrimeFactorsTests\PrimeFactorsTests.csproj", "{1CFEFBB2-8F65-48E4-8637-3535374C64B5}"
EndProject
Project("{2150E333-8FDC-42A3-9474-1A3956D46DE8}") = "Solution Items", "Solution Items", "{F038EE82-B78B-477B-B773-8C2FD1F6F3E2}"
	ProjectSection(SolutionItems) = preProject
		.editorconfig = .editorconfig
	EndProjectSection
EndProject
Global
	GlobalSection(SolutionConfigurationPlatforms) = preSolution
		Debug|Any CPU = Debug|Any CPU
		Release|Any CPU = Release|Any CPU
	EndGlobalSection
	GlobalSection(ProjectConfigurationPlatforms) = postSolution
		{3B6E766E-F8E5-440E-91A5-ED05EBC25BEB}.Debug|Any CPU.ActiveCfg = Debug|Any CPU
		{3B6E766E-F8E5-440E-91A5-ED05EBC25BEB}.Debug|Any CPU.Build.0 = Debug|Any CPU
		{3B6E766E-F8E5-440E-91A5-ED05EBC25BEB}.Release|Any CPU.ActiveCfg = Release|Any CPU
		{3B6E766E-F8E5-440E-91A5-ED05EBC25BEB}.Release|Any CPU.Build.0 = Release|Any CPU
		{187B1E63-AACB-4918-B1AD-B4592BF50CF5}.Debug|Any CPU.ActiveCfg = Debug|Any CPU
		{187B1E63-AACB-4918-B1AD-B4592BF50CF5}.Debug|Any CPU.Build.0 = Debug|Any CPU
		{187B1E63-AACB-4918-B1AD-B4592BF50CF5}.Release|Any CPU.ActiveCfg = Release|Any CPU
		{187B1E63-AACB-4918-B1AD-B4592BF50CF5}.Release|Any CPU.Build.0 = Release|Any CPU
		{1A9004FF-9931-41D0-9D92-2EB72B48C024}.Debug|Any CPU.ActiveCfg = Debug|Any CPU
		{1A9004FF-9931-41D0-9D92-2EB72B48C024}.Debug|Any CPU.Build.0 = Debug|Any CPU
		{1A9004FF-9931-41D0-9D92-2EB72B48C024}.Release|Any CPU.ActiveCfg = Release|Any CPU
		{1A9004FF-9931-41D0-9D92-2EB72B48C024}.Release|Any CPU.Build.0 = Release|Any CPU
		{98D5E5C4-8CA9-4ABB-BC97-B7DB2401240F}.Debug|Any CPU.ActiveCfg = Debug|Any CPU
		{98D5E5C4-8CA9-4ABB-BC97-B7DB2401240F}.Debug|Any CPU.Build.0 = Debug|Any CPU
		{98D5E5C4-8CA9-4ABB-BC97-B7DB2401240F}.Release|Any CPU.ActiveCfg = Release|Any CPU
		{98D5E5C4-8CA9-4ABB-BC97-B7DB2401240F}.Release|Any CPU.Build.0 = Release|Any CPU
		{EDD2D1FE-4F69-41B3-BD86-57764DBE388A}.Debug|Any CPU.ActiveCfg = Debug|Any CPU
		{EDD2D1FE-4F69-41B3-BD86-57764DBE388A}.Debug|Any CPU.Build.0 = Debug|Any CPU
		{EDD2D1FE-4F69-41B3-BD86-57764DBE388A}.Release|Any CPU.ActiveCfg = Release|Any CPU
		{EDD2D1FE-4F69-41B3-BD86-57764DBE388A}.Release|Any CPU.Build.0 = Release|Any CPU
		{D96C5428-3342-4C6B-B8F0-4C549081404F}.Debug|Any CPU.ActiveCfg = Debug|Any CPU
		{D96C5428-3342-4C6B-B8F0-4C549081404F}.Debug|Any CPU.Build.0 = Debug|Any CPU
		{D96C5428-3342-4C6B-B8F0-4C549081404F}.Release|Any CPU.ActiveCfg = Release|Any CPU
		{D96C5428-3342-4C6B-B8F0-4C549081404F}.Release|Any CPU.Build.0 = Release|Any CPU
		{985D9323-21B5-45DF-9279-805929C2C7C2}.Debug|Any CPU.ActiveCfg = Debug|Any CPU
		{985D9323-21B5-45DF-9279-805929C2C7C2}.Debug|Any CPU.Build.0 = Debug|Any CPU
		{985D9323-21B5-45DF-9279-805929C2C7C2}.Release|Any CPU.ActiveCfg = Release|Any CPU
		{985D9323-21B5-45DF-9279-805929C2C7C2}.Release|Any CPU.Build.0 = Release|Any CPU
		{0A9BE60E-0395-4266-ACC5-3D2911B66AD2}.Debug|Any CPU.ActiveCfg = Debug|Any CPU
		{0A9BE60E-0395-4266-ACC5-3D2911B66AD2}.Debug|Any CPU.Build.0 = Debug|Any CPU
		{0A9BE60E-0395-4266-ACC5-3D2911B66AD2}.Release|Any CPU.ActiveCfg = Release|Any CPU
		{0A9BE60E-0395-4266-ACC5-3D2911B66AD2}.Release|Any CPU.Build.0 = Release|Any CPU
		{84B9FE56-62C6-4A1C-933C-6679273C3AEA}.Debug|Any CPU.ActiveCfg = Debug|Any CPU
		{84B9FE56-62C6-4A1C-933C-6679273C3AEA}.Debug|Any CPU.Build.0 = Debug|Any CPU
		{84B9FE56-62C6-4A1C-933C-6679273C3AEA}.Release|Any CPU.ActiveCfg = Release|Any CPU
		{84B9FE56-62C6-4A1C-933C-6679273C3AEA}.Release|Any CPU.Build.0 = Release|Any CPU
		{1CFEFBB2-8F65-48E4-8637-3535374C64B5}.Debug|Any CPU.ActiveCfg = Debug|Any CPU
		{1CFEFBB2-8F65-48E4-8637-3535374C64B5}.Debug|Any CPU.Build.0 = Debug|Any CPU
		{1CFEFBB2-8F65-48E4-8637-3535374C64B5}.Release|Any CPU.ActiveCfg = Release|Any CPU
		{1CFEFBB2-8F65-48E4-8637-3535374C64B5}.Release|Any CPU.Build.0 = Release|Any CPU
	EndGlobalSection
	GlobalSection(SolutionProperties) = preSolution
		HideSolutionNode = FALSE
	EndGlobalSection
	GlobalSection(ExtensibilityGlobals) = postSolution
		SolutionGuid = {A46CF879-4885-4256-B2C2-0ED6CF45122C}
	EndGlobalSection
EndGlobal
