
Microsoft Visual Studio Solution File, Format Version 12.00
# Visual Studio Version 16
VisualStudioVersion = 16.0.31025.218
MinimumVisualStudioVersion = 10.0.40219.1
Project("{9A19103F-16F7-4668-BE54-9A1E7A4F7556}") = "PrimeFactorsLib", "PrimeFactorsLib\PrimeFactorsLib.csproj", "{F48BC28C-E9BA-4095-9C0D-5B16853440BC}"
EndProject
Project("{9A19103F-16F7-4668-BE54-9A1E7A4F7556}") = "PrimeFactorsTests", "PrimeFactorsTests\PrimeFactorsTests.csproj", "{9F3182E3-5DAC-42DE-B713-139D30571B23}"
EndProject
Project("{9A19103F-16F7-4668-BE54-9A1E7A4F7556}") = "PrimeFactorsApp", "PrimeFactorsApp\PrimeFactorsApp.csproj", "{C1592121-3272-4961-859E-E65412BB36D0}"
EndProject
Global
	GlobalSection(SolutionConfigurationPlatforms) = preSolution
		Debug|Any CPU = Debug|Any CPU
		Release|Any CPU = Release|Any CPU
	EndGlobalSection
	GlobalSection(ProjectConfigurationPlatforms) = postSolution
		{F48BC28C-E9BA-4095-9C0D-5B16853440BC}.Debug|Any CPU.ActiveCfg = Debug|Any CPU
		{F48BC28C-E9BA-4095-9C0D-5B16853440BC}.Debug|Any CPU.Build.0 = Debug|Any CPU
		{F48BC28C-E9BA-4095-9C0D-5B16853440BC}.Release|Any CPU.ActiveCfg = Release|Any CPU
		{F48BC28C-E9BA-4095-9C0D-5B16853440BC}.Release|Any CPU.Build.0 = Release|Any CPU
		{9F3182E3-5DAC-42DE-B713-139D30571B23}.Debug|Any CPU.ActiveCfg = Debug|Any CPU
		{9F3182E3-5DAC-42DE-B713-139D30571B23}.Debug|Any CPU.Build.0 = Debug|Any CPU
		{9F3182E3-5DAC-42DE-B713-139D30571B23}.Release|Any CPU.ActiveCfg = Release|Any CPU
		{9F3182E3-5DAC-42DE-B713-139D30571B23}.Release|Any CPU.Build.0 = Release|Any CPU
		{C1592121-3272-4961-859E-E65412BB36D0}.Debug|Any CPU.ActiveCfg = Debug|Any CPU
		{C1592121-3272-4961-859E-E65412BB36D0}.Debug|Any CPU.Build.0 = Debug|Any CPU
		{C1592121-3272-4961-859E-E65412BB36D0}.Release|Any CPU.ActiveCfg = Release|Any CPU
		{C1592121-3272-4961-859E-E65412BB36D0}.Release|Any CPU.Build.0 = Release|Any CPU
	EndGlobalSection
	GlobalSection(SolutionProperties) = preSolution
		HideSolutionNode = FALSE
	EndGlobalSection
	GlobalSection(ExtensibilityGlobals) = postSolution
		SolutionGuid = {57EE59D3-46C5-455D-BD05-346C380490E9}
	EndGlobalSection
EndGlobal
