
Microsoft Visual Studio Solution File, Format Version 12.00
# Visual Studio Version 16
VisualStudioVersion = 16.0.31320.298
MinimumVisualStudioVersion = 10.0.40219.1
Project("{9A19103F-16F7-4668-BE54-9A1E7A4F7556}") = "WorkingWithEFCore", "WorkingWithEFCore\WorkingWithEFCore.csproj", "{8E8ACA36-2870-4BD9-A977-06B72243EF2D}"
EndProject
Project("{9A19103F-16F7-4668-BE54-9A1E7A4F7556}") = "CoursesAndStudents", "CoursesAndStudents\CoursesAndStudents.csproj", "{0CB163AB-51A6-44DC-BB63-96FCB595A409}"
EndProject
Project("{9A19103F-16F7-4668-BE54-9A1E7A4F7556}") = "Exercise02", "Exercise02\Exercise02.csproj", "{7D8B3232-B258-43C7-A23D-93789AA4007B}"
EndProject
Global
	GlobalSection(SolutionConfigurationPlatforms) = preSolution
		Debug|Any CPU = Debug|Any CPU
		Release|Any CPU = Release|Any CPU
	EndGlobalSection
	GlobalSection(ProjectConfigurationPlatforms) = postSolution
		{8E8ACA36-2870-4BD9-A977-06B72243EF2D}.Debug|Any CPU.ActiveCfg = Debug|Any CPU
		{8E8ACA36-2870-4BD9-A977-06B72243EF2D}.Debug|Any CPU.Build.0 = Debug|Any CPU
		{8E8ACA36-2870-4BD9-A977-06B72243EF2D}.Release|Any CPU.ActiveCfg = Release|Any CPU
		{8E8ACA36-2870-4BD9-A977-06B72243EF2D}.Release|Any CPU.Build.0 = Release|Any CPU
		{0CB163AB-51A6-44DC-BB63-96FCB595A409}.Debug|Any CPU.ActiveCfg = Debug|Any CPU
		{0CB163AB-51A6-44DC-BB63-96FCB595A409}.Debug|Any CPU.Build.0 = Debug|Any CPU
		{0CB163AB-51A6-44DC-BB63-96FCB595A409}.Release|Any CPU.ActiveCfg = Release|Any CPU
		{0CB163AB-51A6-44DC-BB63-96FCB595A409}.Release|Any CPU.Build.0 = Release|Any CPU
		{7D8B3232-B258-43C7-A23D-93789AA4007B}.Debug|Any CPU.ActiveCfg = Debug|Any CPU
		{7D8B3232-B258-43C7-A23D-93789AA4007B}.Debug|Any CPU.Build.0 = Debug|Any CPU
		{7D8B3232-B258-43C7-A23D-93789AA4007B}.Release|Any CPU.ActiveCfg = Release|Any CPU
		{7D8B3232-B258-43C7-A23D-93789AA4007B}.Release|Any CPU.Build.0 = Release|Any CPU
	EndGlobalSection
	GlobalSection(SolutionProperties) = preSolution
		HideSolutionNode = FALSE
	EndGlobalSection
	GlobalSection(ExtensibilityGlobals) = postSolution
		SolutionGuid = {615A4608-228A-46E2-8FB4-A7BBA12B02B8}
	EndGlobalSection
EndGlobal
