
Microsoft Visual Studio Solution File, Format Version 12.00
# Visual Studio Version 17
VisualStudioVersion = 17.0.31606.5
MinimumVisualStudioVersion = 10.0.40219.1
Project("{9A19103F-16F7-4668-BE54-9A1E7A4F7556}") = "Exercise02", "Exercise02\Exercise02.csproj", "{68388E16-7002-45F5-BA9F-151D160CD0CC}"
EndProject
Project("{9A19103F-16F7-4668-BE54-9A1E7A4F7556}") = "WorkingWithEncodings", "WorkingWithEncodings\WorkingWithEncodings.csproj", "{4C921DF2-079A-40CD-B3F0-1788068E52E7}"
EndProject
Project("{9A19103F-16F7-4668-BE54-9A1E7A4F7556}") = "WorkingWithFileSystems", "WorkingWithFileSystems\WorkingWithFileSystems.csproj", "{1595776B-EC34-478A-8995-8CE7E51CFA83}"
EndProject
Project("{9A19103F-16F7-4668-BE54-9A1E7A4F7556}") = "WorkingWithSerialization", "WorkingWithSerialization\WorkingWithSerialization.csproj", "{5DBCB8F1-EE45-4DE2-A835-A7EA659F696D}"
EndProject
Project("{9A19103F-16F7-4668-BE54-9A1E7A4F7556}") = "WorkingWithStreams", "WorkingWithStreams\WorkingWithStreams.csproj", "{E05747FA-3902-4D33-BBA9-67625CC27078}"
EndProject
Project("{FAE04EC0-301F-11D3-BF4B-00C04F79EFBC}") = "WorkingWithJson", "WorkingWithJson\WorkingWithJson.csproj", "{89D2264B-3F37-4B76-9750-9AB76B8ED9D2}"
EndProject
Global
	GlobalSection(SolutionConfigurationPlatforms) = preSolution
		Debug|Any CPU = Debug|Any CPU
		Release|Any CPU = Release|Any CPU
	EndGlobalSection
	GlobalSection(ProjectConfigurationPlatforms) = postSolution
		{68388E16-7002-45F5-BA9F-151D160CD0CC}.Debug|Any CPU.ActiveCfg = Debug|Any CPU
		{68388E16-7002-45F5-BA9F-151D160CD0CC}.Debug|Any CPU.Build.0 = Debug|Any CPU
		{68388E16-7002-45F5-BA9F-151D160CD0CC}.Release|Any CPU.ActiveCfg = Release|Any CPU
		{68388E16-7002-45F5-BA9F-151D160CD0CC}.Release|Any CPU.Build.0 = Release|Any CPU
		{4C921DF2-079A-40CD-B3F0-1788068E52E7}.Debug|Any CPU.ActiveCfg = Debug|Any CPU
		{4C921DF2-079A-40CD-B3F0-1788068E52E7}.Debug|Any CPU.Build.0 = Debug|Any CPU
		{4C921DF2-079A-40CD-B3F0-1788068E52E7}.Release|Any CPU.ActiveCfg = Release|Any CPU
		{4C921DF2-079A-40CD-B3F0-1788068E52E7}.Release|Any CPU.Build.0 = Release|Any CPU
		{1595776B-EC34-478A-8995-8CE7E51CFA83}.Debug|Any CPU.ActiveCfg = Debug|Any CPU
		{1595776B-EC34-478A-8995-8CE7E51CFA83}.Debug|Any CPU.Build.0 = Debug|Any CPU
		{1595776B-EC34-478A-8995-8CE7E51CFA83}.Release|Any CPU.ActiveCfg = Release|Any CPU
		{1595776B-EC34-478A-8995-8CE7E51CFA83}.Release|Any CPU.Build.0 = Release|Any CPU
		{5DBCB8F1-EE45-4DE2-A835-A7EA659F696D}.Debug|Any CPU.ActiveCfg = Debug|Any CPU
		{5DBCB8F1-EE45-4DE2-A835-A7EA659F696D}.Debug|Any CPU.Build.0 = Debug|Any CPU
		{5DBCB8F1-EE45-4DE2-A835-A7EA659F696D}.Release|Any CPU.ActiveCfg = Release|Any CPU
		{5DBCB8F1-EE45-4DE2-A835-A7EA659F696D}.Release|Any CPU.Build.0 = Release|Any CPU
		{E05747FA-3902-4D33-BBA9-67625CC27078}.Debug|Any CPU.ActiveCfg = Debug|Any CPU
		{E05747FA-3902-4D33-BBA9-67625CC27078}.Debug|Any CPU.Build.0 = Debug|Any CPU
		{E05747FA-3902-4D33-BBA9-67625CC27078}.Release|Any CPU.ActiveCfg = Release|Any CPU
		{E05747FA-3902-4D33-BBA9-67625CC27078}.Release|Any CPU.Build.0 = Release|Any CPU
		{89D2264B-3F37-4B76-9750-9AB76B8ED9D2}.Debug|Any CPU.ActiveCfg = Debug|Any CPU
		{89D2264B-3F37-4B76-9750-9AB76B8ED9D2}.Debug|Any CPU.Build.0 = Debug|Any CPU
		{89D2264B-3F37-4B76-9750-9AB76B8ED9D2}.Release|Any CPU.ActiveCfg = Release|Any CPU
		{89D2264B-3F37-4B76-9750-9AB76B8ED9D2}.Release|Any CPU.Build.0 = Release|Any CPU
	EndGlobalSection
	GlobalSection(SolutionProperties) = preSolution
		HideSolutionNode = FALSE
	EndGlobalSection
	GlobalSection(ExtensibilityGlobals) = postSolution
		SolutionGuid = {B2328134-5E39-4EA5-B931-DE6DFC73558B}
	EndGlobalSection
EndGlobal
